
Microsoft Visual Studio Solution File, Format Version 12.00
# Visual Studio Version 16
VisualStudioVersion = 16.0.30804.86
MinimumVisualStudioVersion = 10.0.40219.1
Project("{FAE04EC0-301F-11D3-BF4B-00C04F79EFBC}") = "hubrepo-azurepipeline", "hubrepo-azurepipeline\hubrepo-azurepipeline.csproj", "{22996E3B-8039-4D97-8F04-D031BE611E8D}"
EndProject
Global
	GlobalSection(SolutionConfigurationPlatforms) = preSolution
		Debug|Any CPU = Debug|Any CPU
		Release|Any CPU = Release|Any CPU
	EndGlobalSection
	GlobalSection(ProjectConfigurationPlatforms) = postSolution
		{22996E3B-8039-4D97-8F04-D031BE611E8D}.Debug|Any CPU.ActiveCfg = Debug|Any CPU
		{22996E3B-8039-4D97-8F04-D031BE611E8D}.Debug|Any CPU.Build.0 = Debug|Any CPU
		{22996E3B-8039-4D97-8F04-D031BE611E8D}.Release|Any CPU.ActiveCfg = Release|Any CPU
		{22996E3B-8039-4D97-8F04-D031BE611E8D}.Release|Any CPU.Build.0 = Release|Any CPU
	EndGlobalSection
	GlobalSection(SolutionProperties) = preSolution
		HideSolutionNode = FALSE
	EndGlobalSection
	GlobalSection(ExtensibilityGlobals) = postSolution
		SolutionGuid = {490EAD88-2C4A-4EF9-A51D-DF4053ADEB00}
	EndGlobalSection
EndGlobal
